
Microsoft Visual Studio Solution File, Format Version 12.00
# Visual Studio 15
VisualStudioVersion = 15.0.28307.421
MinimumVisualStudioVersion = 10.0.40219.1
Project("{FAE04EC0-301F-11D3-BF4B-00C04F79EFBC}") = "CRUDAsync", "CRUDAsync\CRUDAsync.csproj", "{74B226D8-E189-475C-9CBD-324E2819FCDB}"
EndProject
Project("{FAE04EC0-301F-11D3-BF4B-00C04F79EFBC}") = "ASyncDAL", "ASyncDAL\ASyncDAL.csproj", "{D8F52A9A-7A45-42F6-8B88-2198294C8E7F}"
EndProject
Global
	GlobalSection(SolutionConfigurationPlatforms) = preSolution
		Debug|Any CPU = Debug|Any CPU
		Release|Any CPU = Release|Any CPU
	EndGlobalSection
	GlobalSection(ProjectConfigurationPlatforms) = postSolution
		{74B226D8-E189-475C-9CBD-324E2819FCDB}.Debug|Any CPU.ActiveCfg = Debug|Any CPU
		{74B226D8-E189-475C-9CBD-324E2819FCDB}.Debug|Any CPU.Build.0 = Debug|Any CPU
		{74B226D8-E189-475C-9CBD-324E2819FCDB}.Release|Any CPU.ActiveCfg = Release|Any CPU
		{74B226D8-E189-475C-9CBD-324E2819FCDB}.Release|Any CPU.Build.0 = Release|Any CPU
		{D8F52A9A-7A45-42F6-8B88-2198294C8E7F}.Debug|Any CPU.ActiveCfg = Debug|Any CPU
		{D8F52A9A-7A45-42F6-8B88-2198294C8E7F}.Debug|Any CPU.Build.0 = Debug|Any CPU
		{D8F52A9A-7A45-42F6-8B88-2198294C8E7F}.Release|Any CPU.ActiveCfg = Release|Any CPU
		{D8F52A9A-7A45-42F6-8B88-2198294C8E7F}.Release|Any CPU.Build.0 = Release|Any CPU
	EndGlobalSection
	GlobalSection(SolutionProperties) = preSolution
		HideSolutionNode = FALSE
	EndGlobalSection
	GlobalSection(ExtensibilityGlobals) = postSolution
		SolutionGuid = {79204BDA-1AC1-4A70-A409-0B7B90B83439}
	EndGlobalSection
EndGlobal
